// !$*UTF8*$!
{
	archiveVersion = 1;
	classes = {
	};
	objectVersion = 77;
	objects = {

/* Begin PBXBuildFile section */
		F448983F2DF75840003DBF3C /* Constants.swift in Sources */ = {isa = PBXBuildFile; fileRef = F448983E2DF75840003DBF3C /* Constants.swift */; };
		F44898412DF75859003DBF3C /* AppLogger.swift in Sources */ = {isa = PBXBuildFile; fileRef = F44898402DF75859003DBF3C /* AppLogger.swift */; };
		F44898432DF7586F003DBF3C /* Data+Extensions.swift in Sources */ = {isa = PBXBuildFile; fileRef = F44898422DF7586F003DBF3C /* Data+Extensions.swift */; };
		F44898452DF75886003DBF3C /* Binding+Extensions.swift in Sources */ = {isa = PBXBuildFile; fileRef = F44898442DF75886003DBF3C /* Binding+Extensions.swift */; };
		F44898472DF7589E003DBF3C /* ODIDParser.swift in Sources */ = {isa = PBXBuildFile; fileRef = F44898462DF7589E003DBF3C /* ODIDParser.swift */; };
		F448984B2DF758C1003DBF3C /* BluetoothScanner.swift in Sources */ = {isa = PBXBuildFile; fileRef = F448984A2DF758C1003DBF3C /* BluetoothScanner.swift */; };
		F448984D2DF758D6003DBF3C /* DomainModels.swift in Sources */ = {isa = PBXBuildFile; fileRef = F448984C2DF758D6003DBF3C /* DomainModels.swift */; };
		F448984F2DF758EB003DBF3C /* AppViewModel.swift in Sources */ = {isa = PBXBuildFile; fileRef = F448984E2DF758EB003DBF3C /* AppViewModel.swift */; };
		F44898512DF7592D003DBF3C /* SharedViews.swift in Sources */ = {isa = PBXBuildFile; fileRef = F44898502DF7592D003DBF3C /* SharedViews.swift */; };
		F44898532DF75943003DBF3C /* ContentView.swift in Sources */ = {isa = PBXBuildFile; fileRef = F44898522DF75943003DBF3C /* ContentView.swift */; };
		F44898562DF75A62003DBF3C /* ReusableFormSections.swift in Sources */ = {isa = PBXBuildFile; fileRef = F44898552DF75A62003DBF3C /* ReusableFormSections.swift */; };
		F44898592DF75A7E003DBF3C /* SetupViews.swift in Sources */ = {isa = PBXBuildFile; fileRef = F44898582DF75A7E003DBF3C /* SetupViews.swift */; };
		F448985E2DF75AB7003DBF3C /* LogbookViews.swift in Sources */ = {isa = PBXBuildFile; fileRef = F448985D2DF75AB7003DBF3C /* LogbookViews.swift */; };
		F44898612DF75AE3003DBF3C /* FlightLoggingViews.swift in Sources */ = {isa = PBXBuildFile; fileRef = F44898602DF75AE3003DBF3C /* FlightLoggingViews.swift */; };
		F44898642DF75B07003DBF3C /* EquipmentViews.swift in Sources */ = {isa = PBXBuildFile; fileRef = F44898632DF75B07003DBF3C /* EquipmentViews.swift */; };
		F44898682DF75B43003DBF3C /* ChecklistViews.swift in Sources */ = {isa = PBXBuildFile; fileRef = F44898672DF75B43003DBF3C /* ChecklistViews.swift */; };
		F448986C2DF75B6D003DBF3C /* ScannerViews.swift in Sources */ = {isa = PBXBuildFile; fileRef = F448986B2DF75B6D003DBF3C /* ScannerViews.swift */; };
		F448986F2DF75B89003DBF3C /* StatsView.swift in Sources */ = {isa = PBXBuildFile; fileRef = F448986E2DF75B89003DBF3C /* StatsView.swift */; };
		F4913D612E00725200B41C3A /* LegacyContentUnavailableView.swift in Sources */ = {isa = PBXBuildFile; fileRef = F4913D602E00725200B41C3A /* LegacyContentUnavailableView.swift */; };
		F4B6448B2E01EC2F00DBC826 /* CloudKitService.swift in Sources */ = {isa = PBXBuildFile; fileRef = F4B6448A2E01EC2F00DBC826 /* CloudKitService.swift */; };
/* End PBXBuildFile section */

/* Begin PBXFileReference section */
		F42486872DF5357300DDE273 /* DronePal.app */ = {isa = PBXFileReference; explicitFileType = wrapper.application; includeInIndex = 0; path = DronePal.app; sourceTree = BUILT_PRODUCTS_DIR; };
		F448983E2DF75840003DBF3C /* Constants.swift */ = {isa = PBXFileReference; lastKnownFileType = sourcecode.swift; path = Constants.swift; sourceTree = "<group>"; };
		F44898402DF75859003DBF3C /* AppLogger.swift */ = {isa = PBXFileReference; lastKnownFileType = sourcecode.swift; path = AppLogger.swift; sourceTree = "<group>"; };
		F44898422DF7586F003DBF3C /* Data+Extensions.swift */ = {isa = PBXFileReference; lastKnownFileType = sourcecode.swift; path = "Data+Extensions.swift"; sourceTree = "<group>"; };
		F44898442DF75886003DBF3C /* Binding+Extensions.swift */ = {isa = PBXFileReference; lastKnownFileType = sourcecode.swift; path = "Binding+Extensions.swift"; sourceTree = "<group>"; };
		F44898462DF7589E003DBF3C /* ODIDParser.swift */ = {isa = PBXFileReference; lastKnownFileType = sourcecode.swift; path = ODIDParser.swift; sourceTree = "<group>"; };
		F448984A2DF758C1003DBF3C /* BluetoothScanner.swift */ = {isa = PBXFileReference; lastKnownFileType = sourcecode.swift; path = BluetoothScanner.swift; sourceTree = "<group>"; };
		F448984C2DF758D6003DBF3C /* DomainModels.swift */ = {isa = PBXFileReference; lastKnownFileType = sourcecode.swift; path = DomainModels.swift; sourceTree = "<group>"; };
		F448984E2DF758EB003DBF3C /* AppViewModel.swift */ = {isa = PBXFileReference; lastKnownFileType = sourcecode.swift; path = AppViewModel.swift; sourceTree = "<group>"; };
		F44898502DF7592D003DBF3C /* SharedViews.swift */ = {isa = PBXFileReference; lastKnownFileType = sourcecode.swift; path = SharedViews.swift; sourceTree = "<group>"; };
		F44898522DF75943003DBF3C /* ContentView.swift */ = {isa = PBXFileReference; lastKnownFileType = sourcecode.swift; path = ContentView.swift; sourceTree = "<group>"; };
		F44898552DF75A62003DBF3C /* ReusableFormSections.swift */ = {isa = PBXFileReference; lastKnownFileType = sourcecode.swift; path = ReusableFormSections.swift; sourceTree = "<group>"; };
		F44898582DF75A7E003DBF3C /* SetupViews.swift */ = {isa = PBXFileReference; lastKnownFileType = sourcecode.swift; path = SetupViews.swift; sourceTree = "<group>"; };
		F448985D2DF75AB7003DBF3C /* LogbookViews.swift */ = {isa = PBXFileReference; lastKnownFileType = sourcecode.swift; path = LogbookViews.swift; sourceTree = "<group>"; };
		F44898602DF75AE3003DBF3C /* FlightLoggingViews.swift */ = {isa = PBXFileReference; lastKnownFileType = sourcecode.swift; path = FlightLoggingViews.swift; sourceTree = "<group>"; };
		F44898632DF75B07003DBF3C /* EquipmentViews.swift */ = {isa = PBXFileReference; lastKnownFileType = sourcecode.swift; path = EquipmentViews.swift; sourceTree = "<group>"; };
		F44898672DF75B43003DBF3C /* ChecklistViews.swift */ = {isa = PBXFileReference; lastKnownFileType = sourcecode.swift; path = ChecklistViews.swift; sourceTree = "<group>"; };
		F448986B2DF75B6D003DBF3C /* ScannerViews.swift */ = {isa = PBXFileReference; lastKnownFileType = sourcecode.swift; path = ScannerViews.swift; sourceTree = "<group>"; };
		F448986E2DF75B89003DBF3C /* StatsView.swift */ = {isa = PBXFileReference; lastKnownFileType = sourcecode.swift; path = StatsView.swift; sourceTree = "<group>"; };
		F4913D602E00725200B41C3A /* LegacyContentUnavailableView.swift */ = {isa = PBXFileReference; lastKnownFileType = sourcecode.swift; path = LegacyContentUnavailableView.swift; sourceTree = "<group>"; };
		F4B6448A2E01EC2F00DBC826 /* CloudKitService.swift */ = {isa = PBXFileReference; lastKnownFileType = sourcecode.swift; path = CloudKitService.swift; sourceTree = "<group>"; };
/* End PBXFileReference section */

/* Begin PBXFileSystemSynchronizedBuildFileExceptionSet section */
		F40AE0C42DF7888F00955853 /* Exceptions for "DronePal" folder in "DronePal" target */ = {
			isa = PBXFileSystemSynchronizedBuildFileExceptionSet;
			membershipExceptions = (
				Info.plist,
			);
			target = F42486862DF5357300DDE273 /* DronePal */;
		};
/* End PBXFileSystemSynchronizedBuildFileExceptionSet section */

/* Begin PBXFileSystemSynchronizedRootGroup section */
		F42486892DF5357300DDE273 /* DronePal */ = {
			isa = PBXFileSystemSynchronizedRootGroup;
			exceptions = (
				F40AE0C42DF7888F00955853 /* Exceptions for "DronePal" folder in "DronePal" target */,
			);
			path = DronePal;
			sourceTree = "<group>";
		};
/* End PBXFileSystemSynchronizedRootGroup section */

/* Begin PBXFrameworksBuildPhase section */
		F42486842DF5357300DDE273 /* Frameworks */ = {
			isa = PBXFrameworksBuildPhase;
			buildActionMask = 2147483647;
			files = (
			);
			runOnlyForDeploymentPostprocessing = 0;
		};
/* End PBXFrameworksBuildPhase section */

/* Begin PBXGroup section */
		F424867E2DF5357300DDE273 = {
			isa = PBXGroup;
			children = (
				F448983D2DF7581A003DBF3C /* Views */,
				F448983C2DF757FC003DBF3C /* ViewModels */,
				F448983B2DF757F3003DBF3C /* Models */,
				F448983A2DF757ED003DBF3C /* Services */,
				F44898392DF757E6003DBF3C /* Extensions */,
				F44898382DF757DC003DBF3C /* Utilities */,
				F42486892DF5357300DDE273 /* DronePal */,
				F42486882DF5357300DDE273 /* Products */,
			);
			sourceTree = "<group>";
		};
		F42486882DF5357300DDE273 /* Products */ = {
			isa = PBXGroup;
			children = (
				F42486872DF5357300DDE273 /* DronePal.app */,
			);
			name = Products;
			sourceTree = "<group>";
		};
		F44898382DF757DC003DBF3C /* Utilities */ = {
			isa = PBXGroup;
			children = (
				F448983E2DF75840003DBF3C /* Constants.swift */,
				F44898402DF75859003DBF3C /* AppLogger.swift */,
			);
			path = Utilities;
			sourceTree = "<group>";
		};
		F44898392DF757E6003DBF3C /* Extensions */ = {
			isa = PBXGroup;
			children = (
				F44898422DF7586F003DBF3C /* Data+Extensions.swift */,
				F44898442DF75886003DBF3C /* Binding+Extensions.swift */,
			);
			path = Extensions;
			sourceTree = "<group>";
		};
		F448983A2DF757ED003DBF3C /* Services */ = {
			isa = PBXGroup;
			children = (
				F44898462DF7589E003DBF3C /* ODIDParser.swift */,
				F448984A2DF758C1003DBF3C /* BluetoothScanner.swift */,
				F4B6448A2E01EC2F00DBC826 /* CloudKitService.swift */,
			);
			path = Services;
			sourceTree = "<group>";
		};
		F448983B2DF757F3003DBF3C /* Models */ = {
			isa = PBXGroup;
			children = (
				F448984C2DF758D6003DBF3C /* DomainModels.swift */,
			);
			path = Models;
			sourceTree = "<group>";
		};
		F448983C2DF757FC003DBF3C /* ViewModels */ = {
			isa = PBXGroup;
			children = (
				F448984E2DF758EB003DBF3C /* AppViewModel.swift */,
			);
			path = ViewModels;
			sourceTree = "<group>";
		};
		F448983D2DF7581A003DBF3C /* Views */ = {
			isa = PBXGroup;
			children = (
				F448986D2DF75B81003DBF3C /* Stats */,
				F44898692DF75B52003DBF3C /* Scanner */,
				F44898662DF75B34003DBF3C /* Checklists */,
				F44898622DF75AF7003DBF3C /* Equipment */,
				F448985F2DF75ACA003DBF3C /* Logging */,
				F448985A2DF75A94003DBF3C /* Logbook */,
				F44898572DF75A72003DBF3C /* Setup */,
				F44898542DF75A4F003DBF3C /* Shared */,
				F44898502DF7592D003DBF3C /* SharedViews.swift */,
				F44898522DF75943003DBF3C /* ContentView.swift */,
				F4913D602E00725200B41C3A /* LegacyContentUnavailableView.swift */,
			);
			path = Views;
			sourceTree = "<group>";
		};
		F44898542DF75A4F003DBF3C /* Shared */ = {
			isa = PBXGroup;
			children = (
				F44898552DF75A62003DBF3C /* ReusableFormSections.swift */,
			);
			path = Shared;
			sourceTree = "<group>";
		};
		F44898572DF75A72003DBF3C /* Setup */ = {
			isa = PBXGroup;
			children = (
				F44898582DF75A7E003DBF3C /* SetupViews.swift */,
			);
			path = Setup;
			sourceTree = "<group>";
		};
		F448985A2DF75A94003DBF3C /* Logbook */ = {
			isa = PBXGroup;
			children = (
				F448985D2DF75AB7003DBF3C /* LogbookViews.swift */,
			);
			path = Logbook;
			sourceTree = "<group>";
		};
		F448985F2DF75ACA003DBF3C /* Logging */ = {
			isa = PBXGroup;
			children = (
				F44898602DF75AE3003DBF3C /* FlightLoggingViews.swift */,
			);
			path = Logging;
			sourceTree = "<group>";
		};
		F44898622DF75AF7003DBF3C /* Equipment */ = {
			isa = PBXGroup;
			children = (
				F44898632DF75B07003DBF3C /* EquipmentViews.swift */,
			);
			path = Equipment;
			sourceTree = "<group>";
		};
		F44898662DF75B34003DBF3C /* Checklists */ = {
			isa = PBXGroup;
			children = (
				F44898672DF75B43003DBF3C /* ChecklistViews.swift */,
			);
			path = Checklists;
			sourceTree = "<group>";
		};
		F44898692DF75B52003DBF3C /* Scanner */ = {
			isa = PBXGroup;
			children = (
				F448986B2DF75B6D003DBF3C /* ScannerViews.swift */,
			);
			path = Scanner;
			sourceTree = "<group>";
		};
		F448986D2DF75B81003DBF3C /* Stats */ = {
			isa = PBXGroup;
			children = (
				F448986E2DF75B89003DBF3C /* StatsView.swift */,
			);
			path = Stats;
			sourceTree = "<group>";
		};
/* End PBXGroup section */

/* Begin PBXNativeTarget section */
		F42486862DF5357300DDE273 /* DronePal */ = {
			isa = PBXNativeTarget;
			buildConfigurationList = F42486922DF5357500DDE273 /* Build configuration list for PBXNativeTarget "DronePal" */;
			buildPhases = (
				F42486832DF5357300DDE273 /* Sources */,
				F42486842DF5357300DDE273 /* Frameworks */,
				F42486852DF5357300DDE273 /* Resources */,
			);
			buildRules = (
			);
			dependencies = (
			);
			fileSystemSynchronizedGroups = (
				F42486892DF5357300DDE273 /* DronePal */,
			);
			name = DronePal;
			packageProductDependencies = (
			);
			productName = DronePal;
			productReference = F42486872DF5357300DDE273 /* DronePal.app */;
			productType = "com.apple.product-type.application";
		};
/* End PBXNativeTarget section */

/* Begin PBXProject section */
		F424867F2DF5357300DDE273 /* Project object */ = {
			isa = PBXProject;
			attributes = {
				BuildIndependentTargetsInParallel = 1;
				LastSwiftUpdateCheck = 1640;
				LastUpgradeCheck = 1640;
				TargetAttributes = {
					F42486862DF5357300DDE273 = {
						CreatedOnToolsVersion = 16.4;
					};
				};
			};
			buildConfigurationList = F42486822DF5357300DDE273 /* Build configuration list for PBXProject "DronePal" */;
			developmentRegion = en;
			hasScannedForEncodings = 0;
			knownRegions = (
				en,
				Base,
			);
			mainGroup = F424867E2DF5357300DDE273;
			minimizedProjectReferenceProxies = 1;
			preferredProjectObjectVersion = 77;
			productRefGroup = F42486882DF5357300DDE273 /* Products */;
			projectDirPath = "";
			projectRoot = "";
			targets = (
				F42486862DF5357300DDE273 /* DronePal */,
			);
		};
/* End PBXProject section */

/* Begin PBXResourcesBuildPhase section */
		F42486852DF5357300DDE273 /* Resources */ = {
			isa = PBXResourcesBuildPhase;
			buildActionMask = 2147483647;
			files = (
			);
			runOnlyForDeploymentPostprocessing = 0;
		};
/* End PBXResourcesBuildPhase section */

/* Begin PBXSourcesBuildPhase section */
		F42486832DF5357300DDE273 /* Sources */ = {
			isa = PBXSourcesBuildPhase;
			buildActionMask = 2147483647;
			files = (
				F44898562DF75A62003DBF3C /* ReusableFormSections.swift in Sources */,
				F448984F2DF758EB003DBF3C /* AppViewModel.swift in Sources */,
				F44898532DF75943003DBF3C /* ContentView.swift in Sources */,
				F448984B2DF758C1003DBF3C /* BluetoothScanner.swift in Sources */,
				F448986C2DF75B6D003DBF3C /* ScannerViews.swift in Sources */,
				F44898642DF75B07003DBF3C /* EquipmentViews.swift in Sources */,
				F4B6448B2E01EC2F00DBC826 /* CloudKitService.swift in Sources */,
				F448984D2DF758D6003DBF3C /* DomainModels.swift in Sources */,
				F44898472DF7589E003DBF3C /* ODIDParser.swift in Sources */,
				F44898512DF7592D003DBF3C /* SharedViews.swift in Sources */,
				F448985E2DF75AB7003DBF3C /* LogbookViews.swift in Sources */,
				F448983F2DF75840003DBF3C /* Constants.swift in Sources */,
				F44898452DF75886003DBF3C /* Binding+Extensions.swift in Sources */,
				F44898612DF75AE3003DBF3C /* FlightLoggingViews.swift in Sources */,
				F448986F2DF75B89003DBF3C /* StatsView.swift in Sources */,
				F44898682DF75B43003DBF3C /* ChecklistViews.swift in Sources */,
				F44898412DF75859003DBF3C /* AppLogger.swift in Sources */,
				F4913D612E00725200B41C3A /* LegacyContentUnavailableView.swift in Sources */,
				F44898592DF75A7E003DBF3C /* SetupViews.swift in Sources */,
				F44898432DF7586F003DBF3C /* Data+Extensions.swift in Sources */,
			);
			runOnlyForDeploymentPostprocessing = 0;
		};
/* End PBXSourcesBuildPhase section */

/* Begin XCBuildConfiguration section */
		F42486902DF5357500DDE273 /* Debug */ = {
			isa = XCBuildConfiguration;
			buildSettings = {
				ALWAYS_SEARCH_USER_PATHS = NO;
				ASSETCATALOG_COMPILER_GENERATE_SWIFT_ASSET_SYMBOL_EXTENSIONS = YES;
				CLANG_ANALYZER_NONNULL = YES;
				CLANG_ANALYZER_NUMBER_OBJECT_CONVERSION = YES_AGGRESSIVE;
				CLANG_CXX_LANGUAGE_STANDARD = "gnu++20";
				CLANG_ENABLE_MODULES = YES;
				CLANG_ENABLE_OBJC_ARC = YES;
				CLANG_ENABLE_OBJC_WEAK = YES;
				CLANG_WARN_BLOCK_CAPTURE_AUTORELEASING = YES;
				CLANG_WARN_BOOL_CONVERSION = YES;
				CLANG_WARN_COMMA = YES;
				CLANG_WARN_CONSTANT_CONVERSION = YES;
				CLANG_WARN_DEPRECATED_OBJC_IMPLEMENTATIONS = YES;
				CLANG_WARN_DIRECT_OBJC_ISA_USAGE = YES_ERROR;
				CLANG_WARN_DOCUMENTATION_COMMENTS = YES;
				CLANG_WARN_EMPTY_BODY = YES;
				CLANG_WARN_ENUM_CONVERSION = YES;
				CLANG_WARN_INFINITE_RECURSION = YES;
				CLANG_WARN_INT_CONVERSION = YES;
				CLANG_WARN_NON_LITERAL_NULL_CONVERSION = YES;
				CLANG_WARN_OBJC_IMPLICIT_RETAIN_SELF = YES;
				CLANG_WARN_OBJC_LITERAL_CONVERSION = YES;
				CLANG_WARN_OBJC_ROOT_CLASS = YES_ERROR;
				CLANG_WARN_QUOTED_INCLUDE_IN_FRAMEWORK_HEADER = YES;
				CLANG_WARN_RANGE_LOOP_ANALYSIS = YES;
				CLANG_WARN_STRICT_PROTOTYPES = YES;
				CLANG_WARN_SUSPICIOUS_MOVE = YES;
				CLANG_WARN_UNGUARDED_AVAILABILITY = YES_AGGRESSIVE;
				CLANG_WARN_UNREACHABLE_CODE = YES;
				CLANG_WARN__DUPLICATE_METHOD_MATCH = YES;
				COPY_PHASE_STRIP = NO;
				DEBUG_INFORMATION_FORMAT = dwarf;
				DEVELOPMENT_TEAM = 824KUMV8Y2;
				ENABLE_STRICT_OBJC_MSGSEND = YES;
				ENABLE_TESTABILITY = YES;
				ENABLE_USER_SCRIPT_SANDBOXING = YES;
				GCC_C_LANGUAGE_STANDARD = gnu17;
				GCC_DYNAMIC_NO_PIC = NO;
				GCC_NO_COMMON_BLOCKS = YES;
				GCC_OPTIMIZATION_LEVEL = 0;
				GCC_PREPROCESSOR_DEFINITIONS = (
					"DEBUG=1",
					"$(inherited)",
				);
				GCC_WARN_64_TO_32_BIT_CONVERSION = YES;
				GCC_WARN_ABOUT_RETURN_TYPE = YES_ERROR;
				GCC_WARN_UNDECLARED_SELECTOR = YES;
				GCC_WARN_UNINITIALIZED_AUTOS = YES_AGGRESSIVE;
				GCC_WARN_UNUSED_FUNCTION = YES;
				GCC_WARN_UNUSED_VARIABLE = YES;
				IPHONEOS_DEPLOYMENT_TARGET = 18.5;
				LOCALIZATION_PREFERS_STRING_CATALOGS = YES;
				MTL_ENABLE_DEBUG_INFO = INCLUDE_SOURCE;
				MTL_FAST_MATH = YES;
				ONLY_ACTIVE_ARCH = YES;
				SDKROOT = iphoneos;
				SWIFT_ACTIVE_COMPILATION_CONDITIONS = "DEBUG $(inherited)";
				SWIFT_OPTIMIZATION_LEVEL = "-Onone";
			};
			name = Debug;
		};
		F42486912DF5357500DDE273 /* Release */ = {
			isa = XCBuildConfiguration;
			buildSettings = {
				ALWAYS_SEARCH_USER_PATHS = NO;
				ASSETCATALOG_COMPILER_GENERATE_SWIFT_ASSET_SYMBOL_EXTENSIONS = YES;
				CLANG_ANALYZER_NONNULL = YES;
				CLANG_ANALYZER_NUMBER_OBJECT_CONVERSION = YES_AGGRESSIVE;
				CLANG_CXX_LANGUAGE_STANDARD = "gnu++20";
				CLANG_ENABLE_MODULES = YES;
				CLANG_ENABLE_OBJC_ARC = YES;
				CLANG_ENABLE_OBJC_WEAK = YES;
				CLANG_WARN_BLOCK_CAPTURE_AUTORELEASING = YES;
				CLANG_WARN_BOOL_CONVERSION = YES;
				CLANG_WARN_COMMA = YES;
				CLANG_WARN_CONSTANT_CONVERSION = YES;
				CLANG_WARN_DEPRECATED_OBJC_IMPLEMENTATIONS = YES;
				CLANG_WARN_DIRECT_OBJC_ISA_USAGE = YES_ERROR;
				CLANG_WARN_DOCUMENTATION_COMMENTS = YES;
				CLANG_WARN_EMPTY_BODY = YES;
				CLANG_WARN_ENUM_CONVERSION = YES;
				CLANG_WARN_INFINITE_RECURSION = YES;
				CLANG_WARN_INT_CONVERSION = YES;
				CLANG_WARN_NON_LITERAL_NULL_CONVERSION = YES;
				CLANG_WARN_OBJC_IMPLICIT_RETAIN_SELF = YES;
				CLANG_WARN_OBJC_LITERAL_CONVERSION = YES;
				CLANG_WARN_OBJC_ROOT_CLASS = YES_ERROR;
				CLANG_WARN_QUOTED_INCLUDE_IN_FRAMEWORK_HEADER = YES;
				CLANG_WARN_RANGE_LOOP_ANALYSIS = YES;
				CLANG_WARN_STRICT_PROTOTYPES = YES;
				CLANG_WARN_SUSPICIOUS_MOVE = YES;
				CLANG_WARN_UNGUARDED_AVAILABILITY = YES_AGGRESSIVE;
				CLANG_WARN_UNREACHABLE_CODE = YES;
				CLANG_WARN__DUPLICATE_METHOD_MATCH = YES;
				COPY_PHASE_STRIP = NO;
				DEBUG_INFORMATION_FORMAT = "dwarf-with-dsym";
				DEVELOPMENT_TEAM = 824KUMV8Y2;
				ENABLE_NS_ASSERTIONS = NO;
				ENABLE_STRICT_OBJC_MSGSEND = YES;
				ENABLE_USER_SCRIPT_SANDBOXING = YES;
				GCC_C_LANGUAGE_STANDARD = gnu17;
				GCC_NO_COMMON_BLOCKS = YES;
				GCC_WARN_64_TO_32_BIT_CONVERSION = YES;
				GCC_WARN_ABOUT_RETURN_TYPE = YES_ERROR;
				GCC_WARN_UNDECLARED_SELECTOR = YES;
				GCC_WARN_UNINITIALIZED_AUTOS = YES_AGGRESSIVE;
				GCC_WARN_UNUSED_FUNCTION = YES;
				GCC_WARN_UNUSED_VARIABLE = YES;
				IPHONEOS_DEPLOYMENT_TARGET = 18.5;
				LOCALIZATION_PREFERS_STRING_CATALOGS = YES;
				MTL_ENABLE_DEBUG_INFO = NO;
				MTL_FAST_MATH = YES;
				SDKROOT = iphoneos;
				SWIFT_COMPILATION_MODE = wholemodule;
				VALIDATE_PRODUCT = YES;
			};
			name = Release;
		};
		F42486932DF5357500DDE273 /* Debug */ = {
			isa = XCBuildConfiguration;
			buildSettings = {
				ASSETCATALOG_COMPILER_APPICON_NAME = AppIcon;
				ASSETCATALOG_COMPILER_GLOBAL_ACCENT_COLOR_NAME = AccentColor;
				CODE_SIGN_ENTITLEMENTS = DronePal/DronePal.entitlements;
				CODE_SIGN_STYLE = Automatic;
				CURRENT_PROJECT_VERSION = 1;
				DEVELOPMENT_TEAM = L57S6JFX9N;
				ENABLE_PREVIEWS = YES;
				GENERATE_INFOPLIST_FILE = YES;
				INFOPLIST_FILE = DronePal/Info.plist;
				INFOPLIST_KEY_LSSupportsOpeningDocumentsInPlace = YES;
				INFOPLIST_KEY_NSBluetoothAlwaysUsageDescription = "DronePal needs Bluetooth to detect other Remote ID enabled drones.";
				INFOPLIST_KEY_NSLocationWhenInUseUsageDescription = "DronePal needs your location to center the map for defining a flight area.";
				INFOPLIST_KEY_UIApplicationSceneManifest_Generation = YES;
				INFOPLIST_KEY_UILaunchScreen_Generation = YES;
				INFOPLIST_KEY_UISupportedInterfaceOrientations_iPad = "UIInterfaceOrientationPortrait UIInterfaceOrientationPortraitUpsideDown UIInterfaceOrientationLandscapeLeft UIInterfaceOrientationLandscapeRight";
				INFOPLIST_KEY_UISupportedInterfaceOrientations_iPhone = "UIInterfaceOrientationPortrait UIInterfaceOrientationLandscapeLeft UIInterfaceOrientationLandscapeRight";
				IPHONEOS_DEPLOYMENT_TARGET = 16.0;
				LD_RUNPATH_SEARCH_PATHS = (
					"$(inherited)",
					"@executable_path/Frameworks",
				);
				MARKETING_VERSION = 1.0;
				PRODUCT_BUNDLE_IDENTIFIER = com.scalegj.DronePal;
				PRODUCT_NAME = "$(TARGET_NAME)";
				SUPPORTED_PLATFORMS = "iphoneos iphonesimulator";
				SUPPORTS_MACCATALYST = NO;
				SUPPORTS_MAC_DESIGNED_FOR_IPHONE_IPAD = NO;
				SUPPORTS_XR_DESIGNED_FOR_IPHONE_IPAD = NO;
				SWIFT_EMIT_LOC_STRINGS = YES;
				SWIFT_VERSION = 5.0;
				TARGETED_DEVICE_FAMILY = "1,2";
			};
			name = Debug;
		};
		F42486942DF5357500DDE273 /* Release */ = {
			isa = XCBuildConfiguration;
			buildSettings = {
				ASSETCATALOG_COMPILER_APPICON_NAME = AppIcon;
				ASSETCATALOG_COMPILER_GLOBAL_ACCENT_COLOR_NAME = AccentColor;
				CODE_SIGN_ENTITLEMENTS = DronePal/DronePal.entitlements;
				CODE_SIGN_STYLE = Automatic;
				CURRENT_PROJECT_VERSION = 1;
				DEVELOPMENT_TEAM = L57S6JFX9N;
				ENABLE_PREVIEWS = YES;
				GENERATE_INFOPLIST_FILE = YES;
				INFOPLIST_FILE = DronePal/Info.plist;
				INFOPLIST_KEY_LSSupportsOpeningDocumentsInPlace = YES;
				INFOPLIST_KEY_NSBluetoothAlwaysUsageDescription = "DronePal needs Bluetooth to detect other Remote ID enabled drones.";
				INFOPLIST_KEY_NSLocationWhenInUseUsageDescription = "DronePal needs your location to center the map for defining a flight area.";
				INFOPLIST_KEY_UIApplicationSceneManifest_Generation = YES;
				INFOPLIST_KEY_UILaunchScreen_Generation = YES;
				INFOPLIST_KEY_UISupportedInterfaceOrientations_iPad = "UIInterfaceOrientationPortrait UIInterfaceOrientationPortraitUpsideDown UIInterfaceOrientationLandscapeLeft UIInterfaceOrientationLandscapeRight";
				INFOPLIST_KEY_UISupportedInterfaceOrientations_iPhone = "UIInterfaceOrientationPortrait UIInterfaceOrientationLandscapeLeft UIInterfaceOrientationLandscapeRight";
				IPHONEOS_DEPLOYMENT_TARGET = 16.0;
				LD_RUNPATH_SEARCH_PATHS = (
					"$(inherited)",
					"@executable_path/Frameworks",
				);
				MARKETING_VERSION = 1.0;
				PRODUCT_BUNDLE_IDENTIFIER = com.scalegj.DronePal;
				PRODUCT_NAME = "$(TARGET_NAME)";
				SUPPORTED_PLATFORMS = "iphoneos iphonesimulator";
				SUPPORTS_MACCATALYST = NO;
				SUPPORTS_MAC_DESIGNED_FOR_IPHONE_IPAD = NO;
				SUPPORTS_XR_DESIGNED_FOR_IPHONE_IPAD = NO;
				SWIFT_EMIT_LOC_STRINGS = YES;
				SWIFT_VERSION = 5.0;
				TARGETED_DEVICE_FAMILY = "1,2";
			};
			name = Release;
		};
/* End XCBuildConfiguration section */

/* Begin XCConfigurationList section */
		F42486822DF5357300DDE273 /* Build configuration list for PBXProject "DronePal" */ = {
			isa = XCConfigurationList;
			buildConfigurations = (
				F42486902DF5357500DDE273 /* Debug */,
				F42486912DF5357500DDE273 /* Release */,
			);
			defaultConfigurationIsVisible = 0;
			defaultConfigurationName = Release;
		};
		F42486922DF5357500DDE273 /* Build configuration list for PBXNativeTarget "DronePal" */ = {
			isa = XCConfigurationList;
			buildConfigurations = (
				F42486932DF5357500DDE273 /* Debug */,
				F42486942DF5357500DDE273 /* Release */,
			);
			defaultConfigurationIsVisible = 0;
			defaultConfigurationName = Release;
		};
/* End XCConfigurationList section */
	};
	rootObject = F424867F2DF5357300DDE273 /* Project object */;
}
